// !$*UTF8*$!
{
	archiveVersion = 1;
	classes = {
	};
	objectVersion = 56;
	objects = {

/* Begin PBXBuildFile section */
		29BE7B702AD7B94300FE281C /* ViewImagesCell.swift in Sources */ = {isa = PBXBuildFile; fileRef = 29BE7B6E2AD7B94300FE281C /* ViewImagesCell.swift */; };
		29BE7B712AD7B94300FE281C /* ViewImagesCell.xib in Resources */ = {isa = PBXBuildFile; fileRef = 29BE7B6F2AD7B94300FE281C /* ViewImagesCell.xib */; };
		29BE7B742AD7BAC500FE281C /* ViewImagesVC.swift in Sources */ = {isa = PBXBuildFile; fileRef = 29BE7B732AD7BAC500FE281C /* ViewImagesVC.swift */; };
		29BE7B762AD7BDBD00FE281C /* CompositionalLayout.swift in Sources */ = {isa = PBXBuildFile; fileRef = 29BE7B752AD7BDBD00FE281C /* CompositionalLayout.swift */; };
		29C77C592AD539450064405E /* AppDelegate.swift in Sources */ = {isa = PBXBuildFile; fileRef = 29C77C582AD539450064405E /* AppDelegate.swift */; };
		29C77C5B2AD539450064405E /* SceneDelegate.swift in Sources */ = {isa = PBXBuildFile; fileRef = 29C77C5A2AD539450064405E /* SceneDelegate.swift */; };
		29C77C5D2AD539450064405E /* CameraVC.swift in Sources */ = {isa = PBXBuildFile; fileRef = 29C77C5C2AD539450064405E /* CameraVC.swift */; };
		29C77C602AD539450064405E /* Main.storyboard in Resources */ = {isa = PBXBuildFile; fileRef = 29C77C5E2AD539450064405E /* Main.storyboard */; };
		29C77C632AD539450064405E /* CustomCamera.xcdatamodeld in Sources */ = {isa = PBXBuildFile; fileRef = 29C77C612AD539450064405E /* CustomCamera.xcdatamodeld */; };
		29C77C652AD539470064405E /* Assets.xcassets in Resources */ = {isa = PBXBuildFile; fileRef = 29C77C642AD539470064405E /* Assets.xcassets */; };
		29C77C682AD539470064405E /* LaunchScreen.storyboard in Resources */ = {isa = PBXBuildFile; fileRef = 29C77C662AD539470064405E /* LaunchScreen.storyboard */; };
		29C77C732AD539470064405E /* CustomCameraTests.swift in Sources */ = {isa = PBXBuildFile; fileRef = 29C77C722AD539470064405E /* CustomCameraTests.swift */; };
		29C77C7D2AD539470064405E /* CustomCameraUITests.swift in Sources */ = {isa = PBXBuildFile; fileRef = 29C77C7C2AD539470064405E /* CustomCameraUITests.swift */; };
		29C77C7F2AD539470064405E /* CustomCameraUITestsLaunchTests.swift in Sources */ = {isa = PBXBuildFile; fileRef = 29C77C7E2AD539470064405E /* CustomCameraUITestsLaunchTests.swift */; };
/* End PBXBuildFile section */

/* Begin PBXContainerItemProxy section */
		29C77C6F2AD539470064405E /* PBXContainerItemProxy */ = {
			isa = PBXContainerItemProxy;
			containerPortal = 29C77C4D2AD539450064405E /* Project object */;
			proxyType = 1;
			remoteGlobalIDString = 29C77C542AD539450064405E;
			remoteInfo = CustomCamera;
		};
		29C77C792AD539470064405E /* PBXContainerItemProxy */ = {
			isa = PBXContainerItemProxy;
			containerPortal = 29C77C4D2AD539450064405E /* Project object */;
			proxyType = 1;
			remoteGlobalIDString = 29C77C542AD539450064405E;
			remoteInfo = CustomCamera;
		};
/* End PBXContainerItemProxy section */

/* Begin PBXFileReference section */
		29BE7B6E2AD7B94300FE281C /* ViewImagesCell.swift */ = {isa = PBXFileReference; lastKnownFileType = sourcecode.swift; path = ViewImagesCell.swift; sourceTree = "<group>"; };
		29BE7B6F2AD7B94300FE281C /* ViewImagesCell.xib */ = {isa = PBXFileReference; lastKnownFileType = file.xib; path = ViewImagesCell.xib; sourceTree = "<group>"; };
		29BE7B732AD7BAC500FE281C /* ViewImagesVC.swift */ = {isa = PBXFileReference; lastKnownFileType = sourcecode.swift; path = ViewImagesVC.swift; sourceTree = "<group>"; };
		29BE7B752AD7BDBD00FE281C /* CompositionalLayout.swift */ = {isa = PBXFileReference; lastKnownFileType = sourcecode.swift; path = CompositionalLayout.swift; sourceTree = "<group>"; };
		29C77C552AD539450064405E /* CustomCam.app */ = {isa = PBXFileReference; explicitFileType = wrapper.application; includeInIndex = 0; path = CustomCam.app; sourceTree = BUILT_PRODUCTS_DIR; };
		29C77C582AD539450064405E /* AppDelegate.swift */ = {isa = PBXFileReference; lastKnownFileType = sourcecode.swift; path = AppDelegate.swift; sourceTree = "<group>"; };
		29C77C5A2AD539450064405E /* SceneDelegate.swift */ = {isa = PBXFileReference; lastKnownFileType = sourcecode.swift; path = SceneDelegate.swift; sourceTree = "<group>"; };
		29C77C5C2AD539450064405E /* CameraVC.swift */ = {isa = PBXFileReference; lastKnownFileType = sourcecode.swift; path = CameraVC.swift; sourceTree = "<group>"; };
		29C77C5F2AD539450064405E /* Base */ = {isa = PBXFileReference; lastKnownFileType = file.storyboard; name = Base; path = Base.lproj/Main.storyboard; sourceTree = "<group>"; };
		29C77C622AD539450064405E /* CustomCamera.xcdatamodel */ = {isa = PBXFileReference; lastKnownFileType = wrapper.xcdatamodel; path = CustomCamera.xcdatamodel; sourceTree = "<group>"; };
		29C77C642AD539470064405E /* Assets.xcassets */ = {isa = PBXFileReference; lastKnownFileType = folder.assetcatalog; path = Assets.xcassets; sourceTree = "<group>"; };
		29C77C672AD539470064405E /* Base */ = {isa = PBXFileReference; lastKnownFileType = file.storyboard; name = Base; path = Base.lproj/LaunchScreen.storyboard; sourceTree = "<group>"; };
		29C77C692AD539470064405E /* Info.plist */ = {isa = PBXFileReference; lastKnownFileType = text.plist.xml; path = Info.plist; sourceTree = "<group>"; };
		29C77C6E2AD539470064405E /* CustomCamTests.xctest */ = {isa = PBXFileReference; explicitFileType = wrapper.cfbundle; includeInIndex = 0; path = CustomCamTests.xctest; sourceTree = BUILT_PRODUCTS_DIR; };
		29C77C722AD539470064405E /* CustomCameraTests.swift */ = {isa = PBXFileReference; lastKnownFileType = sourcecode.swift; path = CustomCameraTests.swift; sourceTree = "<group>"; };
		29C77C782AD539470064405E /* CustomCamUITests.xctest */ = {isa = PBXFileReference; explicitFileType = wrapper.cfbundle; includeInIndex = 0; path = CustomCamUITests.xctest; sourceTree = BUILT_PRODUCTS_DIR; };
		29C77C7C2AD539470064405E /* CustomCameraUITests.swift */ = {isa = PBXFileReference; lastKnownFileType = sourcecode.swift; path = CustomCameraUITests.swift; sourceTree = "<group>"; };
		29C77C7E2AD539470064405E /* CustomCameraUITestsLaunchTests.swift */ = {isa = PBXFileReference; lastKnownFileType = sourcecode.swift; path = CustomCameraUITestsLaunchTests.swift; sourceTree = "<group>"; };
/* End PBXFileReference section */

/* Begin PBXFrameworksBuildPhase section */
		29C77C522AD539450064405E /* Frameworks */ = {
			isa = PBXFrameworksBuildPhase;
			buildActionMask = 2147483647;
			files = (
			);
			runOnlyForDeploymentPostprocessing = 0;
		};
		29C77C6B2AD539470064405E /* Frameworks */ = {
			isa = PBXFrameworksBuildPhase;
			buildActionMask = 2147483647;
			files = (
			);
			runOnlyForDeploymentPostprocessing = 0;
		};
		29C77C752AD539470064405E /* Frameworks */ = {
			isa = PBXFrameworksBuildPhase;
			buildActionMask = 2147483647;
			files = (
			);
			runOnlyForDeploymentPostprocessing = 0;
		};
/* End PBXFrameworksBuildPhase section */

/* Begin PBXGroup section */
		29BE7B722AD7B94C00FE281C /* CustomCells */ = {
			isa = PBXGroup;
			children = (
				29BE7B6E2AD7B94300FE281C /* ViewImagesCell.swift */,
				29BE7B6F2AD7B94300FE281C /* ViewImagesCell.xib */,
			);
			path = CustomCells;
			sourceTree = "<group>";
		};
		29C77C4C2AD539450064405E = {
			isa = PBXGroup;
			children = (
				29C77C572AD539450064405E /* CustomCamera */,
				29C77C712AD539470064405E /* CustomCameraTests */,
				29C77C7B2AD539470064405E /* CustomCameraUITests */,
				29C77C562AD539450064405E /* Products */,
			);
			sourceTree = "<group>";
		};
		29C77C562AD539450064405E /* Products */ = {
			isa = PBXGroup;
			children = (
				29C77C552AD539450064405E /* CustomCam.app */,
				29C77C6E2AD539470064405E /* CustomCamTests.xctest */,
				29C77C782AD539470064405E /* CustomCamUITests.xctest */,
			);
			name = Products;
			sourceTree = "<group>";
		};
		29C77C572AD539450064405E /* CustomCamera */ = {
			isa = PBXGroup;
			children = (
				29C77C582AD539450064405E /* AppDelegate.swift */,
				29C77C5A2AD539450064405E /* SceneDelegate.swift */,
				29F31C942AD6A96A0034DCF0 /* ViewControllers */,
				29BE7B722AD7B94C00FE281C /* CustomCells */,
				29C77C5E2AD539450064405E /* Main.storyboard */,
				29C77C642AD539470064405E /* Assets.xcassets */,
				29C77C662AD539470064405E /* LaunchScreen.storyboard */,
				29BE7B752AD7BDBD00FE281C /* CompositionalLayout.swift */,
				29C77C692AD539470064405E /* Info.plist */,
				29C77C612AD539450064405E /* CustomCamera.xcdatamodeld */,
			);
			path = CustomCamera;
			sourceTree = "<group>";
		};
		29C77C712AD539470064405E /* CustomCameraTests */ = {
			isa = PBXGroup;
			children = (
				29C77C722AD539470064405E /* CustomCameraTests.swift */,
			);
			path = CustomCameraTests;
			sourceTree = "<group>";
		};
		29C77C7B2AD539470064405E /* CustomCameraUITests */ = {
			isa = PBXGroup;
			children = (
				29C77C7C2AD539470064405E /* CustomCameraUITests.swift */,
				29C77C7E2AD539470064405E /* CustomCameraUITestsLaunchTests.swift */,
			);
			path = CustomCameraUITests;
			sourceTree = "<group>";
		};
		29F31C942AD6A96A0034DCF0 /* ViewControllers */ = {
			isa = PBXGroup;
			children = (
				29C77C5C2AD539450064405E /* CameraVC.swift */,
				29BE7B732AD7BAC500FE281C /* ViewImagesVC.swift */,
			);
			path = ViewControllers;
			sourceTree = "<group>";
		};
/* End PBXGroup section */

/* Begin PBXNativeTarget section */
		29C77C542AD539450064405E /* CustomCam */ = {
			isa = PBXNativeTarget;
			buildConfigurationList = 29C77C822AD539470064405E /* Build configuration list for PBXNativeTarget "CustomCam" */;
			buildPhases = (
				29C77C512AD539450064405E /* Sources */,
				29C77C522AD539450064405E /* Frameworks */,
				29C77C532AD539450064405E /* Resources */,
			);
			buildRules = (
			);
			dependencies = (
			);
			name = CustomCam;
			productName = CustomCamera;
			productReference = 29C77C552AD539450064405E /* CustomCam.app */;
			productType = "com.apple.product-type.application";
		};
		29C77C6D2AD539470064405E /* CustomCamTests */ = {
			isa = PBXNativeTarget;
			buildConfigurationList = 29C77C852AD539470064405E /* Build configuration list for PBXNativeTarget "CustomCamTests" */;
			buildPhases = (
				29C77C6A2AD539470064405E /* Sources */,
				29C77C6B2AD539470064405E /* Frameworks */,
				29C77C6C2AD539470064405E /* Resources */,
			);
			buildRules = (
			);
			dependencies = (
				29C77C702AD539470064405E /* PBXTargetDependency */,
			);
			name = CustomCamTests;
			productName = CustomCameraTests;
			productReference = 29C77C6E2AD539470064405E /* CustomCamTests.xctest */;
			productType = "com.apple.product-type.bundle.unit-test";
		};
		29C77C772AD539470064405E /* CustomCamUITests */ = {
			isa = PBXNativeTarget;
			buildConfigurationList = 29C77C882AD539470064405E /* Build configuration list for PBXNativeTarget "CustomCamUITests" */;
			buildPhases = (
				29C77C742AD539470064405E /* Sources */,
				29C77C752AD539470064405E /* Frameworks */,
				29C77C762AD539470064405E /* Resources */,
			);
			buildRules = (
			);
			dependencies = (
				29C77C7A2AD539470064405E /* PBXTargetDependency */,
			);
			name = CustomCamUITests;
			productName = CustomCameraUITests;
			productReference = 29C77C782AD539470064405E /* CustomCamUITests.xctest */;
			productType = "com.apple.product-type.bundle.ui-testing";
		};
/* End PBXNativeTarget section */

/* Begin PBXProject section */
		29C77C4D2AD539450064405E /* Project object */ = {
			isa = PBXProject;
			attributes = {
				BuildIndependentTargetsInParallel = 1;
				LastSwiftUpdateCheck = 1420;
				LastUpgradeCheck = 1420;
				TargetAttributes = {
					29C77C542AD539450064405E = {
						CreatedOnToolsVersion = 14.2;
					};
					29C77C6D2AD539470064405E = {
						CreatedOnToolsVersion = 14.2;
						TestTargetID = 29C77C542AD539450064405E;
					};
					29C77C772AD539470064405E = {
						CreatedOnToolsVersion = 14.2;
						TestTargetID = 29C77C542AD539450064405E;
					};
				};
			};
			buildConfigurationList = 29C77C502AD539450064405E /* Build configuration list for PBXProject "CustomCam" */;
			compatibilityVersion = "Xcode 14.0";
			developmentRegion = en;
			hasScannedForEncodings = 0;
			knownRegions = (
				en,
				Base,
			);
			mainGroup = 29C77C4C2AD539450064405E;
			productRefGroup = 29C77C562AD539450064405E /* Products */;
			projectDirPath = "";
			projectRoot = "";
			targets = (
				29C77C542AD539450064405E /* CustomCam */,
				29C77C6D2AD539470064405E /* CustomCamTests */,
				29C77C772AD539470064405E /* CustomCamUITests */,
			);
		};
/* End PBXProject section */

/* Begin PBXResourcesBuildPhase section */
		29C77C532AD539450064405E /* Resources */ = {
			isa = PBXResourcesBuildPhase;
			buildActionMask = 2147483647;
			files = (
				29BE7B712AD7B94300FE281C /* ViewImagesCell.xib in Resources */,
				29C77C682AD539470064405E /* LaunchScreen.storyboard in Resources */,
				29C77C652AD539470064405E /* Assets.xcassets in Resources */,
				29C77C602AD539450064405E /* Main.storyboard in Resources */,
			);
			runOnlyForDeploymentPostprocessing = 0;
		};
		29C77C6C2AD539470064405E /* Resources */ = {
			isa = PBXResourcesBuildPhase;
			buildActionMask = 2147483647;
			files = (
			);
			runOnlyForDeploymentPostprocessing = 0;
		};
		29C77C762AD539470064405E /* Resources */ = {
			isa = PBXResourcesBuildPhase;
			buildActionMask = 2147483647;
			files = (
			);
			runOnlyForDeploymentPostprocessing = 0;
		};
/* End PBXResourcesBuildPhase section */

/* Begin PBXSourcesBuildPhase section */
		29C77C512AD539450064405E /* Sources */ = {
			isa = PBXSourcesBuildPhase;
			buildActionMask = 2147483647;
			files = (
				29BE7B762AD7BDBD00FE281C /* CompositionalLayout.swift in Sources */,
				29C77C5D2AD539450064405E /* CameraVC.swift in Sources */,
				29C77C632AD539450064405E /* CustomCamera.xcdatamodeld in Sources */,
				29C77C592AD539450064405E /* AppDelegate.swift in Sources */,
				29BE7B742AD7BAC500FE281C /* ViewImagesVC.swift in Sources */,
				29C77C5B2AD539450064405E /* SceneDelegate.swift in Sources */,
				29BE7B702AD7B94300FE281C /* ViewImagesCell.swift in Sources */,
			);
			runOnlyForDeploymentPostprocessing = 0;
		};
		29C77C6A2AD539470064405E /* Sources */ = {
			isa = PBXSourcesBuildPhase;
			buildActionMask = 2147483647;
			files = (
				29C77C732AD539470064405E /* CustomCameraTests.swift in Sources */,
			);
			runOnlyForDeploymentPostprocessing = 0;
		};
		29C77C742AD539470064405E /* Sources */ = {
			isa = PBXSourcesBuildPhase;
			buildActionMask = 2147483647;
			files = (
				29C77C7F2AD539470064405E /* CustomCameraUITestsLaunchTests.swift in Sources */,
				29C77C7D2AD539470064405E /* CustomCameraUITests.swift in Sources */,
			);
			runOnlyForDeploymentPostprocessing = 0;
		};
/* End PBXSourcesBuildPhase section */

/* Begin PBXTargetDependency section */
		29C77C702AD539470064405E /* PBXTargetDependency */ = {
			isa = PBXTargetDependency;
			target = 29C77C542AD539450064405E /* CustomCam */;
			targetProxy = 29C77C6F2AD539470064405E /* PBXContainerItemProxy */;
		};
		29C77C7A2AD539470064405E /* PBXTargetDependency */ = {
			isa = PBXTargetDependency;
			target = 29C77C542AD539450064405E /* CustomCam */;
			targetProxy = 29C77C792AD539470064405E /* PBXContainerItemProxy */;
		};
/* End PBXTargetDependency section */

/* Begin PBXVariantGroup section */
		29C77C5E2AD539450064405E /* Main.storyboard */ = {
			isa = PBXVariantGroup;
			children = (
				29C77C5F2AD539450064405E /* Base */,
			);
			name = Main.storyboard;
			sourceTree = "<group>";
		};
		29C77C662AD539470064405E /* LaunchScreen.storyboard */ = {
			isa = PBXVariantGroup;
			children = (
				29C77C672AD539470064405E /* Base */,
			);
			name = LaunchScreen.storyboard;
			sourceTree = "<group>";
		};
/* End PBXVariantGroup section */

/* Begin XCBuildConfiguration section */
		29C77C802AD539470064405E /* Debug */ = {
			isa = XCBuildConfiguration;
			buildSettings = {
				ALWAYS_SEARCH_USER_PATHS = NO;
				CLANG_ANALYZER_NONNULL = YES;
				CLANG_ANALYZER_NUMBER_OBJECT_CONVERSION = YES_AGGRESSIVE;
				CLANG_CXX_LANGUAGE_STANDARD = "gnu++20";
				CLANG_ENABLE_MODULES = YES;
				CLANG_ENABLE_OBJC_ARC = YES;
				CLANG_ENABLE_OBJC_WEAK = YES;
				CLANG_WARN_BLOCK_CAPTURE_AUTORELEASING = YES;
				CLANG_WARN_BOOL_CONVERSION = YES;
				CLANG_WARN_COMMA = YES;
				CLANG_WARN_CONSTANT_CONVERSION = YES;
				CLANG_WARN_DEPRECATED_OBJC_IMPLEMENTATIONS = YES;
				CLANG_WARN_DIRECT_OBJC_ISA_USAGE = YES_ERROR;
				CLANG_WARN_DOCUMENTATION_COMMENTS = YES;
				CLANG_WARN_EMPTY_BODY = YES;
				CLANG_WARN_ENUM_CONVERSION = YES;
				CLANG_WARN_INFINITE_RECURSION = YES;
				CLANG_WARN_INT_CONVERSION = YES;
				CLANG_WARN_NON_LITERAL_NULL_CONVERSION = YES;
				CLANG_WARN_OBJC_IMPLICIT_RETAIN_SELF = YES;
				CLANG_WARN_OBJC_LITERAL_CONVERSION = YES;
				CLANG_WARN_OBJC_ROOT_CLASS = YES_ERROR;
				CLANG_WARN_QUOTED_INCLUDE_IN_FRAMEWORK_HEADER = YES;
				CLANG_WARN_RANGE_LOOP_ANALYSIS = YES;
				CLANG_WARN_STRICT_PROTOTYPES = YES;
				CLANG_WARN_SUSPICIOUS_MOVE = YES;
				CLANG_WARN_UNGUARDED_AVAILABILITY = YES_AGGRESSIVE;
				CLANG_WARN_UNREACHABLE_CODE = YES;
				CLANG_WARN__DUPLICATE_METHOD_MATCH = YES;
				COPY_PHASE_STRIP = NO;
				DEBUG_INFORMATION_FORMAT = dwarf;
				ENABLE_STRICT_OBJC_MSGSEND = YES;
				ENABLE_TESTABILITY = YES;
				GCC_C_LANGUAGE_STANDARD = gnu11;
				GCC_DYNAMIC_NO_PIC = NO;
				GCC_NO_COMMON_BLOCKS = YES;
				GCC_OPTIMIZATION_LEVEL = 0;
				GCC_PREPROCESSOR_DEFINITIONS = (
					"DEBUG=1",
					"$(inherited)",
				);
				GCC_WARN_64_TO_32_BIT_CONVERSION = YES;
				GCC_WARN_ABOUT_RETURN_TYPE = YES_ERROR;
				GCC_WARN_UNDECLARED_SELECTOR = YES;
				GCC_WARN_UNINITIALIZED_AUTOS = YES_AGGRESSIVE;
				GCC_WARN_UNUSED_FUNCTION = YES;
				GCC_WARN_UNUSED_VARIABLE = YES;
				IPHONEOS_DEPLOYMENT_TARGET = 14.0;
				MTL_ENABLE_DEBUG_INFO = INCLUDE_SOURCE;
				MTL_FAST_MATH = YES;
				ONLY_ACTIVE_ARCH = YES;
				RESOURCES_TARGETED_DEVICE_FAMILY = "";
				SDKROOT = iphoneos;
				SWIFT_ACTIVE_COMPILATION_CONDITIONS = DEBUG;
				SWIFT_OPTIMIZATION_LEVEL = "-Onone";
			};
			name = Debug;
		};
		29C77C812AD539470064405E /* Release */ = {
			isa = XCBuildConfiguration;
			buildSettings = {
				ALWAYS_SEARCH_USER_PATHS = NO;
				CLANG_ANALYZER_NONNULL = YES;
				CLANG_ANALYZER_NUMBER_OBJECT_CONVERSION = YES_AGGRESSIVE;
				CLANG_CXX_LANGUAGE_STANDARD = "gnu++20";
				CLANG_ENABLE_MODULES = YES;
				CLANG_ENABLE_OBJC_ARC = YES;
				CLANG_ENABLE_OBJC_WEAK = YES;
				CLANG_WARN_BLOCK_CAPTURE_AUTORELEASING = YES;
				CLANG_WARN_BOOL_CONVERSION = YES;
				CLANG_WARN_COMMA = YES;
				CLANG_WARN_CONSTANT_CONVERSION = YES;
				CLANG_WARN_DEPRECATED_OBJC_IMPLEMENTATIONS = YES;
				CLANG_WARN_DIRECT_OBJC_ISA_USAGE = YES_ERROR;
				CLANG_WARN_DOCUMENTATION_COMMENTS = YES;
				CLANG_WARN_EMPTY_BODY = YES;
				CLANG_WARN_ENUM_CONVERSION = YES;
				CLANG_WARN_INFINITE_RECURSION = YES;
				CLANG_WARN_INT_CONVERSION = YES;
				CLANG_WARN_NON_LITERAL_NULL_CONVERSION = YES;
				CLANG_WARN_OBJC_IMPLICIT_RETAIN_SELF = YES;
				CLANG_WARN_OBJC_LITERAL_CONVERSION = YES;
				CLANG_WARN_OBJC_ROOT_CLASS = YES_ERROR;
				CLANG_WARN_QUOTED_INCLUDE_IN_FRAMEWORK_HEADER = YES;
				CLANG_WARN_RANGE_LOOP_ANALYSIS = YES;
				CLANG_WARN_STRICT_PROTOTYPES = YES;
				CLANG_WARN_SUSPICIOUS_MOVE = YES;
				CLANG_WARN_UNGUARDED_AVAILABILITY = YES_AGGRESSIVE;
				CLANG_WARN_UNREACHABLE_CODE = YES;
				CLANG_WARN__DUPLICATE_METHOD_MATCH = YES;
				COPY_PHASE_STRIP = NO;
				DEBUG_INFORMATION_FORMAT = "dwarf-with-dsym";
				ENABLE_NS_ASSERTIONS = NO;
				ENABLE_STRICT_OBJC_MSGSEND = YES;
				GCC_C_LANGUAGE_STANDARD = gnu11;
				GCC_NO_COMMON_BLOCKS = YES;
				GCC_WARN_64_TO_32_BIT_CONVERSION = YES;
				GCC_WARN_ABOUT_RETURN_TYPE = YES_ERROR;
				GCC_WARN_UNDECLARED_SELECTOR = YES;
				GCC_WARN_UNINITIALIZED_AUTOS = YES_AGGRESSIVE;
				GCC_WARN_UNUSED_FUNCTION = YES;
				GCC_WARN_UNUSED_VARIABLE = YES;
				IPHONEOS_DEPLOYMENT_TARGET = 14.0;
				MTL_ENABLE_DEBUG_INFO = NO;
				MTL_FAST_MATH = YES;
				RESOURCES_TARGETED_DEVICE_FAMILY = "";
				SDKROOT = iphoneos;
				SWIFT_COMPILATION_MODE = wholemodule;
				SWIFT_OPTIMIZATION_LEVEL = "-O";
				VALIDATE_PRODUCT = YES;
			};
			name = Release;
		};
		29C77C832AD539470064405E /* Debug */ = {
			isa = XCBuildConfiguration;
			buildSettings = {
				ASSETCATALOG_COMPILER_APPICON_NAME = AppIcon;
				ASSETCATALOG_COMPILER_GLOBAL_ACCENT_COLOR_NAME = AccentColor;
				CODE_SIGN_IDENTITY = "Apple Development";
				CODE_SIGN_STYLE = Automatic;
				CURRENT_PROJECT_VERSION = 1;
				DEVELOPMENT_TEAM = Q3R7KZDP97;
				GENERATE_INFOPLIST_FILE = YES;
				INFOPLIST_FILE = CustomCamera/Info.plist;
				INFOPLIST_KEY_NSCameraUsageDescription = "Please allow camera access to use the application";
				INFOPLIST_KEY_NSMicrophoneUsageDescription = "Allow for recording Videos";
				INFOPLIST_KEY_NSPhotoLibraryUsageDescription = "Allow tom save images to gallery";
				INFOPLIST_KEY_UIApplicationSupportsIndirectInputEvents = YES;
				INFOPLIST_KEY_UILaunchStoryboardName = LaunchScreen;
				INFOPLIST_KEY_UIMainStoryboardFile = Main;
				INFOPLIST_KEY_UISupportedInterfaceOrientations = "UIInterfaceOrientationLandscapeLeft UIInterfaceOrientationLandscapeRight UIInterfaceOrientationPortrait UIInterfaceOrientationPortraitUpsideDown";
				IPHONEOS_DEPLOYMENT_TARGET = 15.0;
				LD_RUNPATH_SEARCH_PATHS = (
					"$(inherited)",
					"@executable_path/Frameworks",
				);
				MARKETING_VERSION = 1.0;
				PRODUCT_BUNDLE_IDENTIFIER = app.Customcam;
				PRODUCT_NAME = "$(TARGET_NAME)";
				PROVISIONING_PROFILE_SPECIFIER = "";
				SWIFT_EMIT_LOC_STRINGS = YES;
				SWIFT_VERSION = 5.0;
				TARGETED_DEVICE_FAMILY = "1,2";
			};
			name = Debug;
		};
		29C77C842AD539470064405E /* Release */ = {
			isa = XCBuildConfiguration;
			buildSettings = {
				ASSETCATALOG_COMPILER_APPICON_NAME = AppIcon;
				ASSETCATALOG_COMPILER_GLOBAL_ACCENT_COLOR_NAME = AccentColor;
				CODE_SIGN_IDENTITY = "Apple Development";
				CODE_SIGN_STYLE = Automatic;
				CURRENT_PROJECT_VERSION = 1;
				DEVELOPMENT_TEAM = Q3R7KZDP97;
				GENERATE_INFOPLIST_FILE = YES;
				INFOPLIST_FILE = CustomCamera/Info.plist;
				INFOPLIST_KEY_NSCameraUsageDescription = "Please allow camera access to use the application";
				INFOPLIST_KEY_NSMicrophoneUsageDescription = "Allow for recording Videos";
				INFOPLIST_KEY_NSPhotoLibraryUsageDescription = "Allow tom save images to gallery";
				INFOPLIST_KEY_UIApplicationSupportsIndirectInputEvents = YES;
				INFOPLIST_KEY_UILaunchStoryboardName = LaunchScreen;
				INFOPLIST_KEY_UIMainStoryboardFile = Main;
				INFOPLIST_KEY_UISupportedInterfaceOrientations = "UIInterfaceOrientationLandscapeLeft UIInterfaceOrientationLandscapeRight UIInterfaceOrientationPortrait UIInterfaceOrientationPortraitUpsideDown";
				IPHONEOS_DEPLOYMENT_TARGET = 15.0;
				LD_RUNPATH_SEARCH_PATHS = (
					"$(inherited)",
					"@executable_path/Frameworks",
				);
				MARKETING_VERSION = 1.0;
				PRODUCT_BUNDLE_IDENTIFIER = app.Customcam;
				PRODUCT_NAME = "$(TARGET_NAME)";
				PROVISIONING_PROFILE_SPECIFIER = "";
				SWIFT_EMIT_LOC_STRINGS = YES;
				SWIFT_VERSION = 5.0;
				TARGETED_DEVICE_FAMILY = "1,2";
			};
			name = Release;
		};
		29C77C862AD539470064405E /* Debug */ = {
			isa = XCBuildConfiguration;
			buildSettings = {
				ALWAYS_EMBED_SWIFT_STANDARD_LIBRARIES = YES;
				BUNDLE_LOADER = "$(TEST_HOST)";
				CODE_SIGN_STYLE = Manual;
				CURRENT_PROJECT_VERSION = 1;
				DEVELOPMENT_TEAM = "";
				"DEVELOPMENT_TEAM[sdk=iphoneos*]" = Q3R7KZDP97;
				"DEVELOPMENT_TEAM[sdk=macosx*]" = Q3R7KZDP97;
				GENERATE_INFOPLIST_FILE = YES;
				IPHONEOS_DEPLOYMENT_TARGET = 16.2;
				MARKETING_VERSION = 1.0;
				PRODUCT_BUNDLE_IDENTIFIER = app.CustomCameraTests;
				PRODUCT_NAME = "$(TARGET_NAME)";
				PROVISIONING_PROFILE_SPECIFIER = "";
				SWIFT_EMIT_LOC_STRINGS = NO;
				SWIFT_VERSION = 5.0;
				TARGETED_DEVICE_FAMILY = "1,2";
				TEST_HOST = "$(BUILT_PRODUCTS_DIR)/CustomCam.app/$(BUNDLE_EXECUTABLE_FOLDER_PATH)/CustomCam";
			};
			name = Debug;
		};
		29C77C872AD539470064405E /* Release */ = {
			isa = XCBuildConfiguration;
			buildSettings = {
				ALWAYS_EMBED_SWIFT_STANDARD_LIBRARIES = YES;
				BUNDLE_LOADER = "$(TEST_HOST)";
				CODE_SIGN_STYLE = Automatic;
				CURRENT_PROJECT_VERSION = 1;
				DEVELOPMENT_TEAM = Q3R7KZDP97;
				GENERATE_INFOPLIST_FILE = YES;
				IPHONEOS_DEPLOYMENT_TARGET = 16.2;
				MARKETING_VERSION = 1.0;
				PRODUCT_BUNDLE_IDENTIFIER = app.CustomCameraTests;
				PRODUCT_NAME = "$(TARGET_NAME)";
				SWIFT_EMIT_LOC_STRINGS = NO;
				SWIFT_VERSION = 5.0;
				TARGETED_DEVICE_FAMILY = "1,2";
				TEST_HOST = "$(BUILT_PRODUCTS_DIR)/CustomCam.app/$(BUNDLE_EXECUTABLE_FOLDER_PATH)/CustomCam";
			};
			name = Release;
		};
		29C77C892AD539470064405E /* Debug */ = {
			isa = XCBuildConfiguration;
			buildSettings = {
				ALWAYS_EMBED_SWIFT_STANDARD_LIBRARIES = YES;
				CODE_SIGN_STYLE = Automatic;
				CURRENT_PROJECT_VERSION = 1;
				DEVELOPMENT_TEAM = Q3R7KZDP97;
				GENERATE_INFOPLIST_FILE = YES;
				MARKETING_VERSION = 1.0;
				PRODUCT_BUNDLE_IDENTIFIER = app.CustomCameraUITests;
				PRODUCT_NAME = "$(TARGET_NAME)";
				SWIFT_EMIT_LOC_STRINGS = NO;
				SWIFT_VERSION = 5.0;
				TARGETED_DEVICE_FAMILY = "1,2";
				TEST_TARGET_NAME = CustomCamera;
			};
			name = Debug;
		};
		29C77C8A2AD539470064405E /* Release */ = {
			isa = XCBuildConfiguration;
			buildSettings = {
				ALWAYS_EMBED_SWIFT_STANDARD_LIBRARIES = YES;
				CODE_SIGN_STYLE = Automatic;
				CURRENT_PROJECT_VERSION = 1;
				DEVELOPMENT_TEAM = Q3R7KZDP97;
				GENERATE_INFOPLIST_FILE = YES;
				MARKETING_VERSION = 1.0;
				PRODUCT_BUNDLE_IDENTIFIER = app.CustomCameraUITests;
				PRODUCT_NAME = "$(TARGET_NAME)";
				SWIFT_EMIT_LOC_STRINGS = NO;
				SWIFT_VERSION = 5.0;
				TARGETED_DEVICE_FAMILY = "1,2";
				TEST_TARGET_NAME = CustomCamera;
			};
			name = Release;
		};
/* End XCBuildConfiguration section */

/* Begin XCConfigurationList section */
		29C77C502AD539450064405E /* Build configuration list for PBXProject "CustomCam" */ = {
			isa = XCConfigurationList;
			buildConfigurations = (
				29C77C802AD539470064405E /* Debug */,
				29C77C812AD539470064405E /* Release */,
			);
			defaultConfigurationIsVisible = 0;
			defaultConfigurationName = Release;
		};
		29C77C822AD539470064405E /* Build configuration list for PBXNativeTarget "CustomCam" */ = {
			isa = XCConfigurationList;
			buildConfigurations = (
				29C77C832AD539470064405E /* Debug */,
				29C77C842AD539470064405E /* Release */,
			);
			defaultConfigurationIsVisible = 0;
			defaultConfigurationName = Release;
		};
		29C77C852AD539470064405E /* Build configuration list for PBXNativeTarget "CustomCamTests" */ = {
			isa = XCConfigurationList;
			buildConfigurations = (
				29C77C862AD539470064405E /* Debug */,
				29C77C872AD539470064405E /* Release */,
			);
			defaultConfigurationIsVisible = 0;
			defaultConfigurationName = Release;
		};
		29C77C882AD539470064405E /* Build configuration list for PBXNativeTarget "CustomCamUITests" */ = {
			isa = XCConfigurationList;
			buildConfigurations = (
				29C77C892AD539470064405E /* Debug */,
				29C77C8A2AD539470064405E /* Release */,
			);
			defaultConfigurationIsVisible = 0;
			defaultConfigurationName = Release;
		};
/* End XCConfigurationList section */

/* Begin XCVersionGroup section */
		29C77C612AD539450064405E /* CustomCamera.xcdatamodeld */ = {
			isa = XCVersionGroup;
			children = (
				29C77C622AD539450064405E /* CustomCamera.xcdatamodel */,
			);
			currentVersion = 29C77C622AD539450064405E /* CustomCamera.xcdatamodel */;
			path = CustomCamera.xcdatamodeld;
			sourceTree = "<group>";
			versionGroupType = wrapper.xcdatamodel;
		};
/* End XCVersionGroup section */
	};
	rootObject = 29C77C4D2AD539450064405E /* Project object */;
}
